
Microsoft Visual Studio Solution File, Format Version 12.00
# Visual Studio Version 17
VisualStudioVersion = 17.0.31903.59
MinimumVisualStudioVersion = 10.0.40219.1
Project("{2150E333-8FDC-42A3-9474-1A3956D46DE8}") = "src", "src", "{136C6F56-BD60-444B-BA3A-2D260A2769B3}"
EndProject
Project("{2150E333-8FDC-42A3-9474-1A3956D46DE8}") = "tests", "tests", "{BF6CB043-F389-4A47-8A52-4E54869C8661}"
EndProject
Project("{2150E333-8FDC-42A3-9474-1A3956D46DE8}") = "Core", "Core", "{10617BE8-6DFB-4FC5-B926-16211EC899DC}"
EndProject
Project("{2150E333-8FDC-42A3-9474-1A3956D46DE8}") = "Post.Cmd", "Post.Cmd", "{FC45F7CB-FE0C-480A-B3F0-FC84BF97025E}"
EndProject
Project("{2150E333-8FDC-42A3-9474-1A3956D46DE8}") = "Post.Query", "Post.Query", "{9D272A09-AFB7-43A5-B771-F1336B2C03AD}"
EndProject
Project("{2150E333-8FDC-42A3-9474-1A3956D46DE8}") = "Core", "Core", "{5EA46997-1A59-411F-9977-593121606516}"
EndProject
Project("{2150E333-8FDC-42A3-9474-1A3956D46DE8}") = "Post.Cmd", "Post.Cmd", "{C8DEB2D4-F584-4ABF-B030-DC6736B4DEA2}"
EndProject
Project("{2150E333-8FDC-42A3-9474-1A3956D46DE8}") = "Post.Query", "Post.Query", "{C70D9A4C-9F0D-40F6-A965-95DFBCE4BA74}"
EndProject
Project("{FAE04EC0-301F-11D3-BF4B-00C04F79EFBC}") = "EDA.Core", "src\Core\EDA.Core\EDA.Core.csproj", "{BB6FC858-D2C0-43AB-9200-9E8D8C419C4C}"
EndProject
Project("{FAE04EC0-301F-11D3-BF4B-00C04F79EFBC}") = "EDA.Post.Cmd.Api", "src\Post.Cmd\EDA.Post.Cmd.Api\EDA.Post.Cmd.Api.csproj", "{C3A4B659-DC3D-41EB-AB21-3F03DEA9FA50}"
EndProject
Project("{FAE04EC0-301F-11D3-BF4B-00C04F79EFBC}") = "EDA.Post.Cmd.Domain", "src\Post.Cmd\EDA.Post.Cmd.Domain\EDA.Post.Cmd.Domain.csproj", "{A7D8F84D-3B90-4EB7-B97F-85FA9956B3EE}"
EndProject
Project("{FAE04EC0-301F-11D3-BF4B-00C04F79EFBC}") = "EDA.Post.Cmd.Infraestructure", "src\Post.Cmd\EDA.Post.Cmd.Infraestructure\EDA.Post.Cmd.Infraestructure.csproj", "{654F427A-012D-4667-B8D1-B46FEB8C1AC2}"
EndProject
Project("{FAE04EC0-301F-11D3-BF4B-00C04F79EFBC}") = "EDA.Post.Query.Api", "src\Post.Query\EDA.Post.Query.Api\EDA.Post.Query.Api.csproj", "{1E5D9F45-8BCD-4916-B9C7-2FDBC210CD12}"
EndProject
Project("{FAE04EC0-301F-11D3-BF4B-00C04F79EFBC}") = "EDA.Post.Query.Domain", "src\Post.Query\EDA.Post.Query.Domain\EDA.Post.Query.Domain.csproj", "{173D4627-F682-464A-8BDA-FF8BD50B0B65}"
EndProject
Project("{FAE04EC0-301F-11D3-BF4B-00C04F79EFBC}") = "EDA.Post.Query.Infraestructure", "src\Post.Query\EDA.Post.Query.Infraestructure\EDA.Post.Query.Infraestructure.csproj", "{8DAD995F-4545-4952-9DA9-9B50B8120A82}"
EndProject
Project("{FAE04EC0-301F-11D3-BF4B-00C04F79EFBC}") = "EDA.Core.Tests", "tests\Core\EDA.Core.Tests\EDA.Core.Tests.csproj", "{E117C5D5-6331-453E-B930-5E963FD39936}"
EndProject
Project("{FAE04EC0-301F-11D3-BF4B-00C04F79EFBC}") = "EDA.Post.Cmd.Api.Tests", "tests\Post.Cmd\EDA.Post.Cmd.Api.Tests\EDA.Post.Cmd.Api.Tests.csproj", "{F1600316-874F-4990-872A-C6EEB73A67A6}"
EndProject
Project("{FAE04EC0-301F-11D3-BF4B-00C04F79EFBC}") = "EDA.Post.Cmd.Domain.Tests", "tests\Post.Cmd\EDA.Post.Cmd.Domain.Tests\EDA.Post.Cmd.Domain.Tests.csproj", "{6430DDBC-8C81-4D7A-A8E8-1991583967F7}"
EndProject
Project("{FAE04EC0-301F-11D3-BF4B-00C04F79EFBC}") = "EDA.Post.Cmd.Infraestructure.Tests", "tests\Post.Cmd\EDA.Post.Cmd.Infraestructure.Tests\EDA.Post.Cmd.Infraestructure.Tests.csproj", "{11B2BD58-18D4-4B79-A0BB-90F2CB391FA0}"
EndProject
Project("{FAE04EC0-301F-11D3-BF4B-00C04F79EFBC}") = "EDA.Post.Query.Api.Tests", "tests\Post.Query\EDA.Post.Query.Api.Tests\EDA.Post.Query.Api.Tests.csproj", "{6E57ED65-2E56-4180-8178-CEE9DB2C2534}"
EndProject
Project("{FAE04EC0-301F-11D3-BF4B-00C04F79EFBC}") = "EDA.Post.Query.Domain.Tests", "tests\Post.Query\EDA.Post.Query.Domain.Tests\EDA.Post.Query.Domain.Tests.csproj", "{4A96DDEF-14AF-460D-95EA-BB73B0A550E7}"
EndProject
Project("{FAE04EC0-301F-11D3-BF4B-00C04F79EFBC}") = "EDA.Post.Query.Infraestructure.Tests", "tests\Post.Query\EDA.Post.Query.Infraestructure.Tests\EDA.Post.Query.Infraestructure.Tests.csproj", "{8482B56D-449F-40BE-AEB0-7AAE2FB10409}"
EndProject
Global
	GlobalSection(SolutionConfigurationPlatforms) = preSolution
		Debug|Any CPU = Debug|Any CPU
		Release|Any CPU = Release|Any CPU
	EndGlobalSection
	GlobalSection(ProjectConfigurationPlatforms) = postSolution
		{BB6FC858-D2C0-43AB-9200-9E8D8C419C4C}.Debug|Any CPU.ActiveCfg = Debug|Any CPU
		{BB6FC858-D2C0-43AB-9200-9E8D8C419C4C}.Debug|Any CPU.Build.0 = Debug|Any CPU
		{BB6FC858-D2C0-43AB-9200-9E8D8C419C4C}.Release|Any CPU.ActiveCfg = Release|Any CPU
		{BB6FC858-D2C0-43AB-9200-9E8D8C419C4C}.Release|Any CPU.Build.0 = Release|Any CPU
		{C3A4B659-DC3D-41EB-AB21-3F03DEA9FA50}.Debug|Any CPU.ActiveCfg = Debug|Any CPU
		{C3A4B659-DC3D-41EB-AB21-3F03DEA9FA50}.Debug|Any CPU.Build.0 = Debug|Any CPU
		{C3A4B659-DC3D-41EB-AB21-3F03DEA9FA50}.Release|Any CPU.ActiveCfg = Release|Any CPU
		{C3A4B659-DC3D-41EB-AB21-3F03DEA9FA50}.Release|Any CPU.Build.0 = Release|Any CPU
		{A7D8F84D-3B90-4EB7-B97F-85FA9956B3EE}.Debug|Any CPU.ActiveCfg = Debug|Any CPU
		{A7D8F84D-3B90-4EB7-B97F-85FA9956B3EE}.Debug|Any CPU.Build.0 = Debug|Any CPU
		{A7D8F84D-3B90-4EB7-B97F-85FA9956B3EE}.Release|Any CPU.ActiveCfg = Release|Any CPU
		{A7D8F84D-3B90-4EB7-B97F-85FA9956B3EE}.Release|Any CPU.Build.0 = Release|Any CPU
		{654F427A-012D-4667-B8D1-B46FEB8C1AC2}.Debug|Any CPU.ActiveCfg = Debug|Any CPU
		{654F427A-012D-4667-B8D1-B46FEB8C1AC2}.Debug|Any CPU.Build.0 = Debug|Any CPU
		{654F427A-012D-4667-B8D1-B46FEB8C1AC2}.Release|Any CPU.ActiveCfg = Release|Any CPU
		{654F427A-012D-4667-B8D1-B46FEB8C1AC2}.Release|Any CPU.Build.0 = Release|Any CPU
		{1E5D9F45-8BCD-4916-B9C7-2FDBC210CD12}.Debug|Any CPU.ActiveCfg = Debug|Any CPU
		{1E5D9F45-8BCD-4916-B9C7-2FDBC210CD12}.Debug|Any CPU.Build.0 = Debug|Any CPU
		{1E5D9F45-8BCD-4916-B9C7-2FDBC210CD12}.Release|Any CPU.ActiveCfg = Release|Any CPU
		{1E5D9F45-8BCD-4916-B9C7-2FDBC210CD12}.Release|Any CPU.Build.0 = Release|Any CPU
		{173D4627-F682-464A-8BDA-FF8BD50B0B65}.Debug|Any CPU.ActiveCfg = Debug|Any CPU
		{173D4627-F682-464A-8BDA-FF8BD50B0B65}.Debug|Any CPU.Build.0 = Debug|Any CPU
		{173D4627-F682-464A-8BDA-FF8BD50B0B65}.Release|Any CPU.ActiveCfg = Release|Any CPU
		{173D4627-F682-464A-8BDA-FF8BD50B0B65}.Release|Any CPU.Build.0 = Release|Any CPU
		{8DAD995F-4545-4952-9DA9-9B50B8120A82}.Debug|Any CPU.ActiveCfg = Debug|Any CPU
		{8DAD995F-4545-4952-9DA9-9B50B8120A82}.Debug|Any CPU.Build.0 = Debug|Any CPU
		{8DAD995F-4545-4952-9DA9-9B50B8120A82}.Release|Any CPU.ActiveCfg = Release|Any CPU
		{8DAD995F-4545-4952-9DA9-9B50B8120A82}.Release|Any CPU.Build.0 = Release|Any CPU
		{E117C5D5-6331-453E-B930-5E963FD39936}.Debug|Any CPU.ActiveCfg = Debug|Any CPU
		{E117C5D5-6331-453E-B930-5E963FD39936}.Debug|Any CPU.Build.0 = Debug|Any CPU
		{E117C5D5-6331-453E-B930-5E963FD39936}.Release|Any CPU.ActiveCfg = Release|Any CPU
		{E117C5D5-6331-453E-B930-5E963FD39936}.Release|Any CPU.Build.0 = Release|Any CPU
		{F1600316-874F-4990-872A-C6EEB73A67A6}.Debug|Any CPU.ActiveCfg = Debug|Any CPU
		{F1600316-874F-4990-872A-C6EEB73A67A6}.Debug|Any CPU.Build.0 = Debug|Any CPU
		{F1600316-874F-4990-872A-C6EEB73A67A6}.Release|Any CPU.ActiveCfg = Release|Any CPU
		{F1600316-874F-4990-872A-C6EEB73A67A6}.Release|Any CPU.Build.0 = Release|Any CPU
		{6430DDBC-8C81-4D7A-A8E8-1991583967F7}.Debug|Any CPU.ActiveCfg = Debug|Any CPU
		{6430DDBC-8C81-4D7A-A8E8-1991583967F7}.Debug|Any CPU.Build.0 = Debug|Any CPU
		{6430DDBC-8C81-4D7A-A8E8-1991583967F7}.Release|Any CPU.ActiveCfg = Release|Any CPU
		{6430DDBC-8C81-4D7A-A8E8-1991583967F7}.Release|Any CPU.Build.0 = Release|Any CPU
		{11B2BD58-18D4-4B79-A0BB-90F2CB391FA0}.Debug|Any CPU.ActiveCfg = Debug|Any CPU
		{11B2BD58-18D4-4B79-A0BB-90F2CB391FA0}.Debug|Any CPU.Build.0 = Debug|Any CPU
		{11B2BD58-18D4-4B79-A0BB-90F2CB391FA0}.Release|Any CPU.ActiveCfg = Release|Any CPU
		{11B2BD58-18D4-4B79-A0BB-90F2CB391FA0}.Release|Any CPU.Build.0 = Release|Any CPU
		{6E57ED65-2E56-4180-8178-CEE9DB2C2534}.Debug|Any CPU.ActiveCfg = Debug|Any CPU
		{6E57ED65-2E56-4180-8178-CEE9DB2C2534}.Debug|Any CPU.Build.0 = Debug|Any CPU
		{6E57ED65-2E56-4180-8178-CEE9DB2C2534}.Release|Any CPU.ActiveCfg = Release|Any CPU
		{6E57ED65-2E56-4180-8178-CEE9DB2C2534}.Release|Any CPU.Build.0 = Release|Any CPU
		{4A96DDEF-14AF-460D-95EA-BB73B0A550E7}.Debug|Any CPU.ActiveCfg = Debug|Any CPU
		{4A96DDEF-14AF-460D-95EA-BB73B0A550E7}.Debug|Any CPU.Build.0 = Debug|Any CPU
		{4A96DDEF-14AF-460D-95EA-BB73B0A550E7}.Release|Any CPU.ActiveCfg = Release|Any CPU
		{4A96DDEF-14AF-460D-95EA-BB73B0A550E7}.Release|Any CPU.Build.0 = Release|Any CPU
		{8482B56D-449F-40BE-AEB0-7AAE2FB10409}.Debug|Any CPU.ActiveCfg = Debug|Any CPU
		{8482B56D-449F-40BE-AEB0-7AAE2FB10409}.Debug|Any CPU.Build.0 = Debug|Any CPU
		{8482B56D-449F-40BE-AEB0-7AAE2FB10409}.Release|Any CPU.ActiveCfg = Release|Any CPU
		{8482B56D-449F-40BE-AEB0-7AAE2FB10409}.Release|Any CPU.Build.0 = Release|Any CPU
	EndGlobalSection
	GlobalSection(SolutionProperties) = preSolution
		HideSolutionNode = FALSE
	EndGlobalSection
	GlobalSection(NestedProjects) = preSolution
		{10617BE8-6DFB-4FC5-B926-16211EC899DC} = {136C6F56-BD60-444B-BA3A-2D260A2769B3}
		{FC45F7CB-FE0C-480A-B3F0-FC84BF97025E} = {136C6F56-BD60-444B-BA3A-2D260A2769B3}
		{9D272A09-AFB7-43A5-B771-F1336B2C03AD} = {136C6F56-BD60-444B-BA3A-2D260A2769B3}
		{5EA46997-1A59-411F-9977-593121606516} = {BF6CB043-F389-4A47-8A52-4E54869C8661}
		{C8DEB2D4-F584-4ABF-B030-DC6736B4DEA2} = {BF6CB043-F389-4A47-8A52-4E54869C8661}
		{C70D9A4C-9F0D-40F6-A965-95DFBCE4BA74} = {BF6CB043-F389-4A47-8A52-4E54869C8661}
		{BB6FC858-D2C0-43AB-9200-9E8D8C419C4C} = {10617BE8-6DFB-4FC5-B926-16211EC899DC}
		{C3A4B659-DC3D-41EB-AB21-3F03DEA9FA50} = {FC45F7CB-FE0C-480A-B3F0-FC84BF97025E}
		{A7D8F84D-3B90-4EB7-B97F-85FA9956B3EE} = {FC45F7CB-FE0C-480A-B3F0-FC84BF97025E}
		{654F427A-012D-4667-B8D1-B46FEB8C1AC2} = {FC45F7CB-FE0C-480A-B3F0-FC84BF97025E}
		{1E5D9F45-8BCD-4916-B9C7-2FDBC210CD12} = {9D272A09-AFB7-43A5-B771-F1336B2C03AD}
		{173D4627-F682-464A-8BDA-FF8BD50B0B65} = {9D272A09-AFB7-43A5-B771-F1336B2C03AD}
		{8DAD995F-4545-4952-9DA9-9B50B8120A82} = {9D272A09-AFB7-43A5-B771-F1336B2C03AD}
		{E117C5D5-6331-453E-B930-5E963FD39936} = {5EA46997-1A59-411F-9977-593121606516}
		{F1600316-874F-4990-872A-C6EEB73A67A6} = {C8DEB2D4-F584-4ABF-B030-DC6736B4DEA2}
		{6430DDBC-8C81-4D7A-A8E8-1991583967F7} = {C8DEB2D4-F584-4ABF-B030-DC6736B4DEA2}
		{11B2BD58-18D4-4B79-A0BB-90F2CB391FA0} = {C8DEB2D4-F584-4ABF-B030-DC6736B4DEA2}
		{6E57ED65-2E56-4180-8178-CEE9DB2C2534} = {C70D9A4C-9F0D-40F6-A965-95DFBCE4BA74}
		{4A96DDEF-14AF-460D-95EA-BB73B0A550E7} = {C70D9A4C-9F0D-40F6-A965-95DFBCE4BA74}
		{8482B56D-449F-40BE-AEB0-7AAE2FB10409} = {C70D9A4C-9F0D-40F6-A965-95DFBCE4BA74}
	EndGlobalSection
	GlobalSection(ExtensibilityGlobals) = postSolution
		SolutionGuid = {A2159A37-9C38-4A36-895A-2C1FD194767F}
	EndGlobalSection
EndGlobal
